
Microsoft Visual Studio Solution File, Format Version 12.00
# Visual Studio Version 17
VisualStudioVersion = 17.3.32922.545
MinimumVisualStudioVersion = 10.0.40219.1
Project("{9A19103F-16F7-4668-BE54-9A1E7A4F7556}") = "CV19", "CV19\CV19.csproj", "{F9921083-034D-47C3-AAF5-F457AABA488F}"
EndProject
Project("{9A19103F-16F7-4668-BE54-9A1E7A4F7556}") = "CV19CMD", "CV19CMD\CV19CMD.csproj", "{1B1FDADA-2A8A-4530-846C-A77A1E8776A3}"
EndProject
Project("{9A19103F-16F7-4668-BE54-9A1E7A4F7556}") = "CV19TESTS", "CV19TESTS\CV19TESTS.csproj", "{88AA8216-2F14-46A4-849D-C817BABDFE43}"
EndProject
Project("{FAE04EC0-301F-11D3-BF4B-00C04F79EFBC}") = "CV19CMD3.1", "CV19CMD3.1\CV19CMD3.1.csproj", "{9E777974-A7C9-442D-804F-B045BDB11F89}"
EndProject
Global
	GlobalSection(SolutionConfigurationPlatforms) = preSolution
		Debug|Any CPU = Debug|Any CPU
		Release|Any CPU = Release|Any CPU
	EndGlobalSection
	GlobalSection(ProjectConfigurationPlatforms) = postSolution
		{F9921083-034D-47C3-AAF5-F457AABA488F}.Debug|Any CPU.ActiveCfg = Debug|Any CPU
		{F9921083-034D-47C3-AAF5-F457AABA488F}.Debug|Any CPU.Build.0 = Debug|Any CPU
		{F9921083-034D-47C3-AAF5-F457AABA488F}.Release|Any CPU.ActiveCfg = Release|Any CPU
		{F9921083-034D-47C3-AAF5-F457AABA488F}.Release|Any CPU.Build.0 = Release|Any CPU
		{1B1FDADA-2A8A-4530-846C-A77A1E8776A3}.Debug|Any CPU.ActiveCfg = Debug|Any CPU
		{1B1FDADA-2A8A-4530-846C-A77A1E8776A3}.Debug|Any CPU.Build.0 = Debug|Any CPU
		{1B1FDADA-2A8A-4530-846C-A77A1E8776A3}.Release|Any CPU.ActiveCfg = Release|Any CPU
		{1B1FDADA-2A8A-4530-846C-A77A1E8776A3}.Release|Any CPU.Build.0 = Release|Any CPU
		{88AA8216-2F14-46A4-849D-C817BABDFE43}.Debug|Any CPU.ActiveCfg = Debug|Any CPU
		{88AA8216-2F14-46A4-849D-C817BABDFE43}.Debug|Any CPU.Build.0 = Debug|Any CPU
		{88AA8216-2F14-46A4-849D-C817BABDFE43}.Release|Any CPU.ActiveCfg = Release|Any CPU
		{88AA8216-2F14-46A4-849D-C817BABDFE43}.Release|Any CPU.Build.0 = Release|Any CPU
		{9E777974-A7C9-442D-804F-B045BDB11F89}.Debug|Any CPU.ActiveCfg = Debug|Any CPU
		{9E777974-A7C9-442D-804F-B045BDB11F89}.Debug|Any CPU.Build.0 = Debug|Any CPU
		{9E777974-A7C9-442D-804F-B045BDB11F89}.Release|Any CPU.ActiveCfg = Release|Any CPU
		{9E777974-A7C9-442D-804F-B045BDB11F89}.Release|Any CPU.Build.0 = Release|Any CPU
	EndGlobalSection
	GlobalSection(SolutionProperties) = preSolution
		HideSolutionNode = FALSE
	EndGlobalSection
	GlobalSection(ExtensibilityGlobals) = postSolution
		SolutionGuid = {1A25E14A-395A-46DA-AA33-CDF6A5104C23}
	EndGlobalSection
EndGlobal
